{
  "name": "mindforge-cc",
  "version": "0.6.0",
  "lockfileVersion": 3,
  "requires": true,
  "packages": {
    "": {
      "name": "mindforge-cc",
      "version": "0.6.0",
      "license": "MIT",
      "bin": {
        "mindforge": "bin/wizard/setup-wizard.js"
      },
      "engines": {
        "node": ">=18.0.0"
      }
    }
  }
}
